
Microsoft Visual Studio Solution File, Format Version 12.00
# Visual Studio 15
VisualStudioVersion = 15.0.27130.0
MinimumVisualStudioVersion = 10.0.40219.1
Project("{9A19103F-16F7-4668-BE54-9A1E7A4F7556}") = "FeatureToggle.Azure.TableStorage", "src\FeatureToggle.Azure.TableStorage\FeatureToggle.Azure.TableStorage.csproj", "{425E60D9-9821-49D8-8047-88ABE8856563}"
EndProject
Project("{9A19103F-16F7-4668-BE54-9A1E7A4F7556}") = "FeatureToggle.Azure.DocumentDB", "src\FeatureToggle.Azure.DocumentDB\FeatureToggle.Azure.DocumentDB.csproj", "{0EEE00A5-C84E-4E7B-832A-D1CD4F9AA34F}"
EndProject
Project("{9A19103F-16F7-4668-BE54-9A1E7A4F7556}") = "FeatureToggle.Azure.ServiceFabric", "src\FeatureToggle.Azure.ServiceFabric\FeatureToggle.Azure.ServiceFabric.csproj", "{1CDF4589-A0B2-4B15-AD70-D83DD489F055}"
EndProject
Project("{9A19103F-16F7-4668-BE54-9A1E7A4F7556}") = "FeatureToggle.Azure.DocumentDB.Test", "test\FeatureToggle.Azure.DocumentDB.Test\FeatureToggle.Azure.DocumentDB.Test.csproj", "{9AF9253E-C558-44C1-8883-10C353F55A51}"
EndProject
Global
	GlobalSection(SolutionConfigurationPlatforms) = preSolution
		Debug|Any CPU = Debug|Any CPU
		Release|Any CPU = Release|Any CPU
	EndGlobalSection
	GlobalSection(ProjectConfigurationPlatforms) = postSolution
		{425E60D9-9821-49D8-8047-88ABE8856563}.Debug|Any CPU.ActiveCfg = Debug|Any CPU
		{425E60D9-9821-49D8-8047-88ABE8856563}.Debug|Any CPU.Build.0 = Debug|Any CPU
		{425E60D9-9821-49D8-8047-88ABE8856563}.Release|Any CPU.ActiveCfg = Release|Any CPU
		{425E60D9-9821-49D8-8047-88ABE8856563}.Release|Any CPU.Build.0 = Release|Any CPU
		{0EEE00A5-C84E-4E7B-832A-D1CD4F9AA34F}.Debug|Any CPU.ActiveCfg = Debug|Any CPU
		{0EEE00A5-C84E-4E7B-832A-D1CD4F9AA34F}.Debug|Any CPU.Build.0 = Debug|Any CPU
		{0EEE00A5-C84E-4E7B-832A-D1CD4F9AA34F}.Release|Any CPU.ActiveCfg = Release|Any CPU
		{0EEE00A5-C84E-4E7B-832A-D1CD4F9AA34F}.Release|Any CPU.Build.0 = Release|Any CPU
		{1CDF4589-A0B2-4B15-AD70-D83DD489F055}.Debug|Any CPU.ActiveCfg = Debug|Any CPU
		{1CDF4589-A0B2-4B15-AD70-D83DD489F055}.Debug|Any CPU.Build.0 = Debug|Any CPU
		{1CDF4589-A0B2-4B15-AD70-D83DD489F055}.Release|Any CPU.ActiveCfg = Release|Any CPU
		{1CDF4589-A0B2-4B15-AD70-D83DD489F055}.Release|Any CPU.Build.0 = Release|Any CPU
		{9AF9253E-C558-44C1-8883-10C353F55A51}.Debug|Any CPU.ActiveCfg = Debug|Any CPU
		{9AF9253E-C558-44C1-8883-10C353F55A51}.Debug|Any CPU.Build.0 = Debug|Any CPU
		{9AF9253E-C558-44C1-8883-10C353F55A51}.Release|Any CPU.ActiveCfg = Release|Any CPU
		{9AF9253E-C558-44C1-8883-10C353F55A51}.Release|Any CPU.Build.0 = Release|Any CPU
	EndGlobalSection
	GlobalSection(SolutionProperties) = preSolution
		HideSolutionNode = FALSE
	EndGlobalSection
	GlobalSection(ExtensibilityGlobals) = postSolution
		SolutionGuid = {F39C8383-A0E2-4F37-BC1F-7A23D75A57DD}
	EndGlobalSection
EndGlobal
